# THIS IS AN AUTOGENERATED FILE. DO NOT EDIT THIS FILE DIRECTLY.
# yarn lockfile v1


three-orbit-controls@^82.1.0:
  version "82.1.0"
  resolved "https://registry.yarnpkg.com/three-orbit-controls/-/three-orbit-controls-82.1.0.tgz#11a7f33d0a20ecec98f098b37780f6537374fab4"

three@^0.96.0:
  version "0.96.0"
  resolved "https://registry.yarnpkg.com/three/-/three-0.96.0.tgz#6f48bb9e321506906ae4708bda69b0ffa808ee7f"
